
Microsoft Visual Studio Solution File, Format Version 12.00
# Visual Studio 15
VisualStudioVersion = 15.0.26124.0
MinimumVisualStudioVersion = 15.0.26124.0
Project("{FAE04EC0-301F-11D3-BF4B-00C04F79EFBC}") = "LibA", "LibA\LibA.csproj", "{BDC6C0F4-7998-454F-8DDF-DA04A70230A7}"
EndProject
Project("{FAE04EC0-301F-11D3-BF4B-00C04F79EFBC}") = "LibB", "LibB\LibB.csproj", "{4E0AF8DD-E1B2-480E-A5C9-A13B182DA5D9}"
EndProject
Project("{FAE04EC0-301F-11D3-BF4B-00C04F79EFBC}") = "PrivateLib", "PrivateLib\PrivateLib.csproj", "{79D719A3-93F0-4BDE-B51C-046E38E43E5A}"
EndProject
Project("{FAE04EC0-301F-11D3-BF4B-00C04F79EFBC}") = "TestApp", "TestApp\TestApp.csproj", "{54C4D081-5DBE-4D1D-A199-E227249E3FFF}"
EndProject
Global
	GlobalSection(SolutionConfigurationPlatforms) = preSolution
		Debug|Any CPU = Debug|Any CPU
		Debug|x64 = Debug|x64
		Debug|x86 = Debug|x86
		Release|Any CPU = Release|Any CPU
		Release|x64 = Release|x64
		Release|x86 = Release|x86
	EndGlobalSection
	GlobalSection(SolutionProperties) = preSolution
		HideSolutionNode = FALSE
	EndGlobalSection
	GlobalSection(ProjectConfigurationPlatforms) = postSolution
		{BDC6C0F4-7998-454F-8DDF-DA04A70230A7}.Debug|Any CPU.ActiveCfg = Debug|Any CPU
		{BDC6C0F4-7998-454F-8DDF-DA04A70230A7}.Debug|Any CPU.Build.0 = Debug|Any CPU
		{BDC6C0F4-7998-454F-8DDF-DA04A70230A7}.Debug|x64.ActiveCfg = Debug|x64
		{BDC6C0F4-7998-454F-8DDF-DA04A70230A7}.Debug|x64.Build.0 = Debug|x64
		{BDC6C0F4-7998-454F-8DDF-DA04A70230A7}.Debug|x86.ActiveCfg = Debug|x86
		{BDC6C0F4-7998-454F-8DDF-DA04A70230A7}.Debug|x86.Build.0 = Debug|x86
		{BDC6C0F4-7998-454F-8DDF-DA04A70230A7}.Release|Any CPU.ActiveCfg = Release|Any CPU
		{BDC6C0F4-7998-454F-8DDF-DA04A70230A7}.Release|Any CPU.Build.0 = Release|Any CPU
		{BDC6C0F4-7998-454F-8DDF-DA04A70230A7}.Release|x64.ActiveCfg = Release|x64
		{BDC6C0F4-7998-454F-8DDF-DA04A70230A7}.Release|x64.Build.0 = Release|x64
		{BDC6C0F4-7998-454F-8DDF-DA04A70230A7}.Release|x86.ActiveCfg = Release|x86
		{BDC6C0F4-7998-454F-8DDF-DA04A70230A7}.Release|x86.Build.0 = Release|x86
		{4E0AF8DD-E1B2-480E-A5C9-A13B182DA5D9}.Debug|Any CPU.ActiveCfg = Debug|Any CPU
		{4E0AF8DD-E1B2-480E-A5C9-A13B182DA5D9}.Debug|Any CPU.Build.0 = Debug|Any CPU
		{4E0AF8DD-E1B2-480E-A5C9-A13B182DA5D9}.Debug|x64.ActiveCfg = Debug|x64
		{4E0AF8DD-E1B2-480E-A5C9-A13B182DA5D9}.Debug|x64.Build.0 = Debug|x64
		{4E0AF8DD-E1B2-480E-A5C9-A13B182DA5D9}.Debug|x86.ActiveCfg = Debug|x86
		{4E0AF8DD-E1B2-480E-A5C9-A13B182DA5D9}.Debug|x86.Build.0 = Debug|x86
		{4E0AF8DD-E1B2-480E-A5C9-A13B182DA5D9}.Release|Any CPU.ActiveCfg = Release|Any CPU
		{4E0AF8DD-E1B2-480E-A5C9-A13B182DA5D9}.Release|Any CPU.Build.0 = Release|Any CPU
		{4E0AF8DD-E1B2-480E-A5C9-A13B182DA5D9}.Release|x64.ActiveCfg = Release|x64
		{4E0AF8DD-E1B2-480E-A5C9-A13B182DA5D9}.Release|x64.Build.0 = Release|x64
		{4E0AF8DD-E1B2-480E-A5C9-A13B182DA5D9}.Release|x86.ActiveCfg = Release|x86
		{4E0AF8DD-E1B2-480E-A5C9-A13B182DA5D9}.Release|x86.Build.0 = Release|x86
		{79D719A3-93F0-4BDE-B51C-046E38E43E5A}.Debug|Any CPU.ActiveCfg = Debug|Any CPU
		{79D719A3-93F0-4BDE-B51C-046E38E43E5A}.Debug|Any CPU.Build.0 = Debug|Any CPU
		{79D719A3-93F0-4BDE-B51C-046E38E43E5A}.Debug|x64.ActiveCfg = Debug|x64
		{79D719A3-93F0-4BDE-B51C-046E38E43E5A}.Debug|x64.Build.0 = Debug|x64
		{79D719A3-93F0-4BDE-B51C-046E38E43E5A}.Debug|x86.ActiveCfg = Debug|x86
		{79D719A3-93F0-4BDE-B51C-046E38E43E5A}.Debug|x86.Build.0 = Debug|x86
		{79D719A3-93F0-4BDE-B51C-046E38E43E5A}.Release|Any CPU.ActiveCfg = Release|Any CPU
		{79D719A3-93F0-4BDE-B51C-046E38E43E5A}.Release|Any CPU.Build.0 = Release|Any CPU
		{79D719A3-93F0-4BDE-B51C-046E38E43E5A}.Release|x64.ActiveCfg = Release|x64
		{79D719A3-93F0-4BDE-B51C-046E38E43E5A}.Release|x64.Build.0 = Release|x64
		{79D719A3-93F0-4BDE-B51C-046E38E43E5A}.Release|x86.ActiveCfg = Release|x86
		{79D719A3-93F0-4BDE-B51C-046E38E43E5A}.Release|x86.Build.0 = Release|x86
		{54C4D081-5DBE-4D1D-A199-E227249E3FFF}.Debug|Any CPU.ActiveCfg = Debug|Any CPU
		{54C4D081-5DBE-4D1D-A199-E227249E3FFF}.Debug|Any CPU.Build.0 = Debug|Any CPU
		{54C4D081-5DBE-4D1D-A199-E227249E3FFF}.Debug|x64.ActiveCfg = Debug|x64
		{54C4D081-5DBE-4D1D-A199-E227249E3FFF}.Debug|x64.Build.0 = Debug|x64
		{54C4D081-5DBE-4D1D-A199-E227249E3FFF}.Debug|x86.ActiveCfg = Debug|x86
		{54C4D081-5DBE-4D1D-A199-E227249E3FFF}.Debug|x86.Build.0 = Debug|x86
		{54C4D081-5DBE-4D1D-A199-E227249E3FFF}.Release|Any CPU.ActiveCfg = Release|Any CPU
		{54C4D081-5DBE-4D1D-A199-E227249E3FFF}.Release|Any CPU.Build.0 = Release|Any CPU
		{54C4D081-5DBE-4D1D-A199-E227249E3FFF}.Release|x64.ActiveCfg = Release|x64
		{54C4D081-5DBE-4D1D-A199-E227249E3FFF}.Release|x64.Build.0 = Release|x64
		{54C4D081-5DBE-4D1D-A199-E227249E3FFF}.Release|x86.ActiveCfg = Release|x86
		{54C4D081-5DBE-4D1D-A199-E227249E3FFF}.Release|x86.Build.0 = Release|x86
	EndGlobalSection
EndGlobal
